{
  "name": "node-trello-api",
  "version": "1.0.8",
  "lockfileVersion": 2,
  "requires": true,
  "packages": {
    "": {
      "name": "node-trello-api",
      "version": "1.0.8",
      "license": "ISC",
      "dependencies": {
        "docdash": "^2.0.1",
        "node-fetch": "^2.0.0"
      }
    },
    "node_modules/@jsdoc/salty": {
      "version": "0.2.3",
      "resolved": "https://registry.npmjs.org/@jsdoc/salty/-/salty-0.2.3.tgz",
      "integrity": "sha512-bbtCxCkxcnWhi50I+4Lj6mdz9w3pOXOgEQrID8TCZ/DF51fW7M9GCQW2y45SpBDdHd1Eirm1X/Cf6CkAAe8HPg==",
      "dependencies": {
        "lodash": "^4.17.21"
      },
      "engines": {
        "node": ">=v12.0.0"
      }
    },
    "node_modules/docdash": {
      "version": "2.0.1",
      "resolved": "https://registry.npmjs.org/docdash/-/docdash-2.0.1.tgz",
      "integrity": "sha512-mkBhkeMyMwGV4YIdA7S4dIC25ENrfU/ZBfyTs/MXj/HUewW/dtx44xoho4PttCOMsqxlcghzfj8HRlam5QiSoQ==",
      "dependencies": {
        "@jsdoc/salty": "^0.2.1"
      }
    },
    "node_modules/lodash": {
      "version": "4.17.21",
      "resolved": "https://registry.npmjs.org/lodash/-/lodash-4.17.21.tgz",
      "integrity": "sha512-v2kDEe57lecTulaDIuNTPy3Ry4gLGJ6Z1O3vE1krgXZNrsQ+LFTGHVxVjcXPs17LhbZVGedAJv8XZ1tvj5FvSg=="
    },
    "node_modules/node-fetch": {
      "version": "2.0.0",
      "resolved": "https://registry.npmjs.org/node-fetch/-/node-fetch-2.0.0.tgz",
      "integrity": "sha512-bici2HCWFnAghTYMcy12WPxrEwJ5qK7GQJOTwTfyEZjyL99ECWxbYQfabZ2U1zrHMKkOBE97Z9iHIuKQfCMdzQ==",
      "engines": {
        "node": "4.x || >=6.0.0"
      }
    }
  },
  "dependencies": {
    "@jsdoc/salty": {
      "version": "0.2.3",
      "resolved": "https://registry.npmjs.org/@jsdoc/salty/-/salty-0.2.3.tgz",
      "integrity": "sha512-bbtCxCkxcnWhi50I+4Lj6mdz9w3pOXOgEQrID8TCZ/DF51fW7M9GCQW2y45SpBDdHd1Eirm1X/Cf6CkAAe8HPg==",
      "requires": {
        "lodash": "^4.17.21"
      }
    },
    "docdash": {
      "version": "2.0.1",
      "resolved": "https://registry.npmjs.org/docdash/-/docdash-2.0.1.tgz",
      "integrity": "sha512-mkBhkeMyMwGV4YIdA7S4dIC25ENrfU/ZBfyTs/MXj/HUewW/dtx44xoho4PttCOMsqxlcghzfj8HRlam5QiSoQ==",
      "requires": {
        "@jsdoc/salty": "^0.2.1"
      }
    },
    "lodash": {
      "version": "4.17.21",
      "resolved": "https://registry.npmjs.org/lodash/-/lodash-4.17.21.tgz",
      "integrity": "sha512-v2kDEe57lecTulaDIuNTPy3Ry4gLGJ6Z1O3vE1krgXZNrsQ+LFTGHVxVjcXPs17LhbZVGedAJv8XZ1tvj5FvSg=="
    },
    "node-fetch": {
      "version": "2.0.0",
      "resolved": "https://registry.npmjs.org/node-fetch/-/node-fetch-2.0.0.tgz",
      "integrity": "sha512-bici2HCWFnAghTYMcy12WPxrEwJ5qK7GQJOTwTfyEZjyL99ECWxbYQfabZ2U1zrHMKkOBE97Z9iHIuKQfCMdzQ=="
    }
  }
}
